
Microsoft Visual Studio Solution File, Format Version 12.00
# Visual Studio Version 17
VisualStudioVersion = 17.0.31919.166
MinimumVisualStudioVersion = 10.0.40219.1
Project("{FAE04EC0-301F-11D3-BF4B-00C04F79EFBC}") = "DependencyProperties.WPF", "DependencyProperties.WPF\DependencyProperties.WPF.csproj", "{B8A75CFE-6CD8-453D-8EAD-DF1B9F813F17}"
EndProject
Global
	GlobalSection(SolutionConfigurationPlatforms) = preSolution
		Debug|Any CPU = Debug|Any CPU
		Release|Any CPU = Release|Any CPU
	EndGlobalSection
	GlobalSection(ProjectConfigurationPlatforms) = postSolution
		{B8A75CFE-6CD8-453D-8EAD-DF1B9F813F17}.Debug|Any CPU.ActiveCfg = Debug|Any CPU
		{B8A75CFE-6CD8-453D-8EAD-DF1B9F813F17}.Debug|Any CPU.Build.0 = Debug|Any CPU
		{B8A75CFE-6CD8-453D-8EAD-DF1B9F813F17}.Release|Any CPU.ActiveCfg = Release|Any CPU
		{B8A75CFE-6CD8-453D-8EAD-DF1B9F813F17}.Release|Any CPU.Build.0 = Release|Any CPU
	EndGlobalSection
	GlobalSection(SolutionProperties) = preSolution
		HideSolutionNode = FALSE
	EndGlobalSection
	GlobalSection(ExtensibilityGlobals) = postSolution
		SolutionGuid = {3A854454-06BE-4115-93DA-62DED0D1471E}
	EndGlobalSection
EndGlobal
